
Microsoft Visual Studio Solution File, Format Version 12.00
# Visual Studio 15
VisualStudioVersion = 15.0.28010.2046
MinimumVisualStudioVersion = 10.0.40219.1
Project("{FAE04EC0-301F-11D3-BF4B-00C04F79EFBC}") = "Question3", "Question3\Question3.csproj", "{4CF9CEE1-CF31-4DCE-BB67-E9E345C4C8BE}"
EndProject
Global
	GlobalSection(SolutionConfigurationPlatforms) = preSolution
		Debug|Any CPU = Debug|Any CPU
		Release|Any CPU = Release|Any CPU
	EndGlobalSection
	GlobalSection(ProjectConfigurationPlatforms) = postSolution
		{4CF9CEE1-CF31-4DCE-BB67-E9E345C4C8BE}.Debug|Any CPU.ActiveCfg = Debug|Any CPU
		{4CF9CEE1-CF31-4DCE-BB67-E9E345C4C8BE}.Debug|Any CPU.Build.0 = Debug|Any CPU
		{4CF9CEE1-CF31-4DCE-BB67-E9E345C4C8BE}.Release|Any CPU.ActiveCfg = Release|Any CPU
		{4CF9CEE1-CF31-4DCE-BB67-E9E345C4C8BE}.Release|Any CPU.Build.0 = Release|Any CPU
	EndGlobalSection
	GlobalSection(SolutionProperties) = preSolution
		HideSolutionNode = FALSE
	EndGlobalSection
	GlobalSection(ExtensibilityGlobals) = postSolution
		SolutionGuid = {AB1A6DEC-B106-4CC0-AE28-B7A4F56687C5}
	EndGlobalSection
EndGlobal
